
Microsoft Visual Studio Solution File, Format Version 12.00
# Visual Studio Version 17
VisualStudioVersion = 17.8.34330.188
MinimumVisualStudioVersion = 10.0.40219.1
Project("{9A19103F-16F7-4668-BE54-9A1E7A4F7556}") = "Library Management.Api", "Library Management\Library Management.Api.csproj", "{812C9F47-18B7-4B55-9D49-EC9EAFCF0FC6}"
EndProject
Project("{9A19103F-16F7-4668-BE54-9A1E7A4F7556}") = "Library-Management.Domain", "Librairi-Management.Domain\Library-Management.Domain.csproj", "{BF07A511-50B5-46BF-BA6A-41288FFBF3F7}"
EndProject
Project("{9A19103F-16F7-4668-BE54-9A1E7A4F7556}") = "Library-Management.Application", "Library-Management.Application\Library-Management.Application.csproj", "{5D779B87-88B9-4240-B9F5-8F6B0DC99AB0}"
EndProject
Project("{9A19103F-16F7-4668-BE54-9A1E7A4F7556}") = "Library-Management.Infrastructure", "Library-Management.Infrastructure\Library-Management.Infrastructure.csproj", "{3780BC02-6949-4A4F-97A6-5D346CFAD94D}"
EndProject
Project("{2150E333-8FDC-42A3-9474-1A3956D46DE8}") = "Solution Items", "Solution Items", "{D980CAED-DEA6-4681-B682-F1118ACFF97C}"
	ProjectSection(SolutionItems) = preProject
		.editorconfig = .editorconfig
	EndProjectSection
EndProject
Project("{9A19103F-16F7-4668-BE54-9A1E7A4F7556}") = "Library-Manager.Core", "Library-Manager.Core\Library-Manager.Core.csproj", "{425DABC0-F025-4D4A-B21B-3FD29566C1BE}"
EndProject
Project("{FAE04EC0-301F-11D3-BF4B-00C04F79EFBC}") = "Library-Management", "Library-Management\Library-Management.csproj", "{E9D02FB6-67F1-4C09-9724-407BC50AF0FE}"
EndProject
Global
	GlobalSection(SolutionConfigurationPlatforms) = preSolution
		Debug|Any CPU = Debug|Any CPU
		Release|Any CPU = Release|Any CPU
	EndGlobalSection
	GlobalSection(ProjectConfigurationPlatforms) = postSolution
		{812C9F47-18B7-4B55-9D49-EC9EAFCF0FC6}.Debug|Any CPU.ActiveCfg = Debug|Any CPU
		{812C9F47-18B7-4B55-9D49-EC9EAFCF0FC6}.Debug|Any CPU.Build.0 = Debug|Any CPU
		{812C9F47-18B7-4B55-9D49-EC9EAFCF0FC6}.Release|Any CPU.ActiveCfg = Release|Any CPU
		{812C9F47-18B7-4B55-9D49-EC9EAFCF0FC6}.Release|Any CPU.Build.0 = Release|Any CPU
		{BF07A511-50B5-46BF-BA6A-41288FFBF3F7}.Debug|Any CPU.ActiveCfg = Debug|Any CPU
		{BF07A511-50B5-46BF-BA6A-41288FFBF3F7}.Debug|Any CPU.Build.0 = Debug|Any CPU
		{BF07A511-50B5-46BF-BA6A-41288FFBF3F7}.Release|Any CPU.ActiveCfg = Release|Any CPU
		{BF07A511-50B5-46BF-BA6A-41288FFBF3F7}.Release|Any CPU.Build.0 = Release|Any CPU
		{5D779B87-88B9-4240-B9F5-8F6B0DC99AB0}.Debug|Any CPU.ActiveCfg = Debug|Any CPU
		{5D779B87-88B9-4240-B9F5-8F6B0DC99AB0}.Debug|Any CPU.Build.0 = Debug|Any CPU
		{5D779B87-88B9-4240-B9F5-8F6B0DC99AB0}.Release|Any CPU.ActiveCfg = Release|Any CPU
		{5D779B87-88B9-4240-B9F5-8F6B0DC99AB0}.Release|Any CPU.Build.0 = Release|Any CPU
		{3780BC02-6949-4A4F-97A6-5D346CFAD94D}.Debug|Any CPU.ActiveCfg = Debug|Any CPU
		{3780BC02-6949-4A4F-97A6-5D346CFAD94D}.Debug|Any CPU.Build.0 = Debug|Any CPU
		{3780BC02-6949-4A4F-97A6-5D346CFAD94D}.Release|Any CPU.ActiveCfg = Release|Any CPU
		{3780BC02-6949-4A4F-97A6-5D346CFAD94D}.Release|Any CPU.Build.0 = Release|Any CPU
		{425DABC0-F025-4D4A-B21B-3FD29566C1BE}.Debug|Any CPU.ActiveCfg = Debug|Any CPU
		{425DABC0-F025-4D4A-B21B-3FD29566C1BE}.Debug|Any CPU.Build.0 = Debug|Any CPU
		{425DABC0-F025-4D4A-B21B-3FD29566C1BE}.Release|Any CPU.ActiveCfg = Release|Any CPU
		{425DABC0-F025-4D4A-B21B-3FD29566C1BE}.Release|Any CPU.Build.0 = Release|Any CPU
		{E9D02FB6-67F1-4C09-9724-407BC50AF0FE}.Debug|Any CPU.ActiveCfg = Debug|Any CPU
		{E9D02FB6-67F1-4C09-9724-407BC50AF0FE}.Debug|Any CPU.Build.0 = Debug|Any CPU
		{E9D02FB6-67F1-4C09-9724-407BC50AF0FE}.Release|Any CPU.ActiveCfg = Release|Any CPU
		{E9D02FB6-67F1-4C09-9724-407BC50AF0FE}.Release|Any CPU.Build.0 = Release|Any CPU
	EndGlobalSection
	GlobalSection(SolutionProperties) = preSolution
		HideSolutionNode = FALSE
	EndGlobalSection
	GlobalSection(ExtensibilityGlobals) = postSolution
		SolutionGuid = {817F7D03-5BD3-456D-AB0B-7C4DF038B8B0}
	EndGlobalSection
EndGlobal
